
Microsoft Visual Studio Solution File, Format Version 12.00
# Visual Studio 15
VisualStudioVersion = 15.0.28010.2026
MinimumVisualStudioVersion = 10.0.40219.1
Project("{FAE04EC0-301F-11D3-BF4B-00C04F79EFBC}") = "TpHeritage2", "TpHeritage2\TpHeritage2.csproj", "{CC048A21-D721-42A4-AEC6-EFBBEC85D8FC}"
EndProject
Global
	GlobalSection(SolutionConfigurationPlatforms) = preSolution
		Debug|Any CPU = Debug|Any CPU
		Release|Any CPU = Release|Any CPU
	EndGlobalSection
	GlobalSection(ProjectConfigurationPlatforms) = postSolution
		{CC048A21-D721-42A4-AEC6-EFBBEC85D8FC}.Debug|Any CPU.ActiveCfg = Debug|Any CPU
		{CC048A21-D721-42A4-AEC6-EFBBEC85D8FC}.Debug|Any CPU.Build.0 = Debug|Any CPU
		{CC048A21-D721-42A4-AEC6-EFBBEC85D8FC}.Release|Any CPU.ActiveCfg = Release|Any CPU
		{CC048A21-D721-42A4-AEC6-EFBBEC85D8FC}.Release|Any CPU.Build.0 = Release|Any CPU
	EndGlobalSection
	GlobalSection(SolutionProperties) = preSolution
		HideSolutionNode = FALSE
	EndGlobalSection
	GlobalSection(ExtensibilityGlobals) = postSolution
		SolutionGuid = {58D4896F-04DE-4AA1-B7FF-B8678F69A7C8}
	EndGlobalSection
EndGlobal
